
Microsoft Visual Studio Solution File, Format Version 12.00
# Visual Studio 15
VisualStudioVersion = 15.0.28010.2048
MinimumVisualStudioVersion = 10.0.40219.1
Project("{FAE04EC0-301F-11D3-BF4B-00C04F79EFBC}") = "SuperCalculator", "SuperCalculator\SuperCalculator.csproj", "{87560D1D-0D01-4748-8B78-D8AE4682EC44}"
EndProject
Project("{FAE04EC0-301F-11D3-BF4B-00C04F79EFBC}") = "SmartConsoleCalc", "SmartConsoleCalc\SmartConsoleCalc.csproj", "{6CF23E04-7ADE-422F-9AEC-9B87BD77D1C0}"
EndProject
Project("{FAE04EC0-301F-11D3-BF4B-00C04F79EFBC}") = "SmartWinformsApp", "SmartWinformsApp\SmartWinformsApp.csproj", "{A3BA829B-8283-4775-80F5-DE39FBB7E8DB}"
EndProject
Global
	GlobalSection(SolutionConfigurationPlatforms) = preSolution
		Debug|Any CPU = Debug|Any CPU
		Release|Any CPU = Release|Any CPU
	EndGlobalSection
	GlobalSection(ProjectConfigurationPlatforms) = postSolution
		{87560D1D-0D01-4748-8B78-D8AE4682EC44}.Debug|Any CPU.ActiveCfg = Debug|Any CPU
		{87560D1D-0D01-4748-8B78-D8AE4682EC44}.Debug|Any CPU.Build.0 = Debug|Any CPU
		{87560D1D-0D01-4748-8B78-D8AE4682EC44}.Release|Any CPU.ActiveCfg = Release|Any CPU
		{87560D1D-0D01-4748-8B78-D8AE4682EC44}.Release|Any CPU.Build.0 = Release|Any CPU
		{6CF23E04-7ADE-422F-9AEC-9B87BD77D1C0}.Debug|Any CPU.ActiveCfg = Debug|Any CPU
		{6CF23E04-7ADE-422F-9AEC-9B87BD77D1C0}.Debug|Any CPU.Build.0 = Debug|Any CPU
		{6CF23E04-7ADE-422F-9AEC-9B87BD77D1C0}.Release|Any CPU.ActiveCfg = Release|Any CPU
		{6CF23E04-7ADE-422F-9AEC-9B87BD77D1C0}.Release|Any CPU.Build.0 = Release|Any CPU
		{A3BA829B-8283-4775-80F5-DE39FBB7E8DB}.Debug|Any CPU.ActiveCfg = Debug|Any CPU
		{A3BA829B-8283-4775-80F5-DE39FBB7E8DB}.Debug|Any CPU.Build.0 = Debug|Any CPU
		{A3BA829B-8283-4775-80F5-DE39FBB7E8DB}.Release|Any CPU.ActiveCfg = Release|Any CPU
		{A3BA829B-8283-4775-80F5-DE39FBB7E8DB}.Release|Any CPU.Build.0 = Release|Any CPU
	EndGlobalSection
	GlobalSection(SolutionProperties) = preSolution
		HideSolutionNode = FALSE
	EndGlobalSection
	GlobalSection(ExtensibilityGlobals) = postSolution
		SolutionGuid = {4313D1A1-F2B3-45CB-9B55-A5DD514604A8}
	EndGlobalSection
EndGlobal
